
Microsoft Visual Studio Solution File, Format Version 12.00
# Visual Studio 15
VisualStudioVersion = 15.0.26228.9
MinimumVisualStudioVersion = 10.0.40219.1
Project("{FAE04EC0-301F-11D3-BF4B-00C04F79EFBC}") = "YifeiMvc", "YifeiMvc\YifeiMvc.csproj", "{EF2CE7F7-9580-4573-BD2D-88CF065DBCDC}"
EndProject
Project("{FAE04EC0-301F-11D3-BF4B-00C04F79EFBC}") = "YifeiMvc.Test", "YifeiMvc.Test\YifeiMvc.Test.csproj", "{BF601E76-9BB5-48EA-B6F2-F35B949C3126}"
EndProject
Project("{FAE04EC0-301F-11D3-BF4B-00C04F79EFBC}") = "Yifei.OauthService", "Yifei.OauthService\Yifei.OauthService.csproj", "{DE3D41C9-272D-4525-AE03-889B172AA109}"
EndProject
Project("{FAE04EC0-301F-11D3-BF4B-00C04F79EFBC}") = "Yifei.WPFApp", "Yifei.WPFApp\Yifei.WPFApp.csproj", "{8A3E0848-F2DD-4E2C-A622-FEFF341B10CF}"
EndProject
Project("{FAE04EC0-301F-11D3-BF4B-00C04F79EFBC}") = "Yifei.Models", "Yifei.Models\Yifei.Models.csproj", "{205FABF3-5FCE-4844-8036-3294CE979FC7}"
EndProject
Project("{FAE04EC0-301F-11D3-BF4B-00C04F79EFBC}") = "Yifei.Services", "Yifei.Services\Yifei.Services.csproj", "{40B1297D-9C4C-4B0F-8D33-8CD4B2E81822}"
EndProject
Project("{FAE04EC0-301F-11D3-BF4B-00C04F79EFBC}") = "Yifei.ERPModel", "Yifei.ERPModel\Yifei.ERPModel.csproj", "{2768FE04-E676-476F-AB82-D4B1B84ACCF8}"
EndProject
Project("{FAE04EC0-301F-11D3-BF4B-00C04F79EFBC}") = "Yifei.Framework", "Yifei.Framework\Yifei.Framework.csproj", "{94600DEE-9C5E-4705-971A-391EBFD5D9E2}"
EndProject
Project("{FAE04EC0-301F-11D3-BF4B-00C04F79EFBC}") = "Yifei.SelfHost", "Yifei.SelfHost\Yifei.SelfHost.csproj", "{6AADE944-6891-4360-B7BF-80BD7AE28385}"
EndProject
Project("{FAE04EC0-301F-11D3-BF4B-00C04F79EFBC}") = "Yifei.Web.Customer", "Yifei.Web.Customer\Yifei.Web.Customer.csproj", "{EFBC62C9-7C87-4625-981A-2CB7923DE852}"
EndProject
Project("{FAE04EC0-301F-11D3-BF4B-00C04F79EFBC}") = "Yifei.Web.Customer.Test", "Yifei.Web.Customer.Test\Yifei.Web.Customer.Test.csproj", "{5D0E1A95-2CB0-4897-9CC7-9480DC03D4CD}"
EndProject
Project("{2150E333-8FDC-42A3-9474-1A3956D46DE8}") = "Test", "Test", "{575F3A91-5925-4D49-8734-6D3CF2632100}"
EndProject
Project("{2150E333-8FDC-42A3-9474-1A3956D46DE8}") = "App", "App", "{16BF9E5E-FB67-40F9-8257-0E1669206C6C}"
EndProject
Project("{2150E333-8FDC-42A3-9474-1A3956D46DE8}") = "Framework", "Framework", "{9AA6413D-1510-427A-A3E7-D6100D97F065}"
EndProject
Project("{2150E333-8FDC-42A3-9474-1A3956D46DE8}") = "Other", "Other", "{08D70DF9-D323-4A61-BE62-67D9BBD83958}"
EndProject
Global
	GlobalSection(SolutionConfigurationPlatforms) = preSolution
		Debug|Any CPU = Debug|Any CPU
		Debug|x64 = Debug|x64
		Debug|x86 = Debug|x86
		Release|Any CPU = Release|Any CPU
		Release|x64 = Release|x64
		Release|x86 = Release|x86
	EndGlobalSection
	GlobalSection(ProjectConfigurationPlatforms) = postSolution
		{EF2CE7F7-9580-4573-BD2D-88CF065DBCDC}.Debug|Any CPU.ActiveCfg = Debug|Any CPU
		{EF2CE7F7-9580-4573-BD2D-88CF065DBCDC}.Debug|Any CPU.Build.0 = Debug|Any CPU
		{EF2CE7F7-9580-4573-BD2D-88CF065DBCDC}.Debug|x64.ActiveCfg = Debug|Any CPU
		{EF2CE7F7-9580-4573-BD2D-88CF065DBCDC}.Debug|x64.Build.0 = Debug|Any CPU
		{EF2CE7F7-9580-4573-BD2D-88CF065DBCDC}.Debug|x86.ActiveCfg = Debug|Any CPU
		{EF2CE7F7-9580-4573-BD2D-88CF065DBCDC}.Debug|x86.Build.0 = Debug|Any CPU
		{EF2CE7F7-9580-4573-BD2D-88CF065DBCDC}.Release|Any CPU.ActiveCfg = Release|Any CPU
		{EF2CE7F7-9580-4573-BD2D-88CF065DBCDC}.Release|Any CPU.Build.0 = Release|Any CPU
		{EF2CE7F7-9580-4573-BD2D-88CF065DBCDC}.Release|x64.ActiveCfg = Release|Any CPU
		{EF2CE7F7-9580-4573-BD2D-88CF065DBCDC}.Release|x64.Build.0 = Release|Any CPU
		{EF2CE7F7-9580-4573-BD2D-88CF065DBCDC}.Release|x86.ActiveCfg = Release|Any CPU
		{EF2CE7F7-9580-4573-BD2D-88CF065DBCDC}.Release|x86.Build.0 = Release|Any CPU
		{BF601E76-9BB5-48EA-B6F2-F35B949C3126}.Debug|Any CPU.ActiveCfg = Debug|Any CPU
		{BF601E76-9BB5-48EA-B6F2-F35B949C3126}.Debug|Any CPU.Build.0 = Debug|Any CPU
		{BF601E76-9BB5-48EA-B6F2-F35B949C3126}.Debug|x64.ActiveCfg = Debug|Any CPU
		{BF601E76-9BB5-48EA-B6F2-F35B949C3126}.Debug|x64.Build.0 = Debug|Any CPU
		{BF601E76-9BB5-48EA-B6F2-F35B949C3126}.Debug|x86.ActiveCfg = Debug|Any CPU
		{BF601E76-9BB5-48EA-B6F2-F35B949C3126}.Debug|x86.Build.0 = Debug|Any CPU
		{BF601E76-9BB5-48EA-B6F2-F35B949C3126}.Release|Any CPU.ActiveCfg = Release|Any CPU
		{BF601E76-9BB5-48EA-B6F2-F35B949C3126}.Release|Any CPU.Build.0 = Release|Any CPU
		{BF601E76-9BB5-48EA-B6F2-F35B949C3126}.Release|x64.ActiveCfg = Release|Any CPU
		{BF601E76-9BB5-48EA-B6F2-F35B949C3126}.Release|x64.Build.0 = Release|Any CPU
		{BF601E76-9BB5-48EA-B6F2-F35B949C3126}.Release|x86.ActiveCfg = Release|Any CPU
		{BF601E76-9BB5-48EA-B6F2-F35B949C3126}.Release|x86.Build.0 = Release|Any CPU
		{DE3D41C9-272D-4525-AE03-889B172AA109}.Debug|Any CPU.ActiveCfg = Debug|Any CPU
		{DE3D41C9-272D-4525-AE03-889B172AA109}.Debug|Any CPU.Build.0 = Debug|Any CPU
		{DE3D41C9-272D-4525-AE03-889B172AA109}.Debug|x64.ActiveCfg = Debug|Any CPU
		{DE3D41C9-272D-4525-AE03-889B172AA109}.Debug|x64.Build.0 = Debug|Any CPU
		{DE3D41C9-272D-4525-AE03-889B172AA109}.Debug|x86.ActiveCfg = Debug|Any CPU
		{DE3D41C9-272D-4525-AE03-889B172AA109}.Debug|x86.Build.0 = Debug|Any CPU
		{DE3D41C9-272D-4525-AE03-889B172AA109}.Release|Any CPU.ActiveCfg = Release|Any CPU
		{DE3D41C9-272D-4525-AE03-889B172AA109}.Release|Any CPU.Build.0 = Release|Any CPU
		{DE3D41C9-272D-4525-AE03-889B172AA109}.Release|x64.ActiveCfg = Release|Any CPU
		{DE3D41C9-272D-4525-AE03-889B172AA109}.Release|x64.Build.0 = Release|Any CPU
		{DE3D41C9-272D-4525-AE03-889B172AA109}.Release|x86.ActiveCfg = Release|Any CPU
		{DE3D41C9-272D-4525-AE03-889B172AA109}.Release|x86.Build.0 = Release|Any CPU
		{8A3E0848-F2DD-4E2C-A622-FEFF341B10CF}.Debug|Any CPU.ActiveCfg = Debug|Any CPU
		{8A3E0848-F2DD-4E2C-A622-FEFF341B10CF}.Debug|Any CPU.Build.0 = Debug|Any CPU
		{8A3E0848-F2DD-4E2C-A622-FEFF341B10CF}.Debug|x64.ActiveCfg = Debug|Any CPU
		{8A3E0848-F2DD-4E2C-A622-FEFF341B10CF}.Debug|x64.Build.0 = Debug|Any CPU
		{8A3E0848-F2DD-4E2C-A622-FEFF341B10CF}.Debug|x86.ActiveCfg = Debug|Any CPU
		{8A3E0848-F2DD-4E2C-A622-FEFF341B10CF}.Debug|x86.Build.0 = Debug|Any CPU
		{8A3E0848-F2DD-4E2C-A622-FEFF341B10CF}.Release|Any CPU.ActiveCfg = Release|Any CPU
		{8A3E0848-F2DD-4E2C-A622-FEFF341B10CF}.Release|Any CPU.Build.0 = Release|Any CPU
		{8A3E0848-F2DD-4E2C-A622-FEFF341B10CF}.Release|x64.ActiveCfg = Release|Any CPU
		{8A3E0848-F2DD-4E2C-A622-FEFF341B10CF}.Release|x64.Build.0 = Release|Any CPU
		{8A3E0848-F2DD-4E2C-A622-FEFF341B10CF}.Release|x86.ActiveCfg = Release|Any CPU
		{8A3E0848-F2DD-4E2C-A622-FEFF341B10CF}.Release|x86.Build.0 = Release|Any CPU
		{205FABF3-5FCE-4844-8036-3294CE979FC7}.Debug|Any CPU.ActiveCfg = Debug|Any CPU
		{205FABF3-5FCE-4844-8036-3294CE979FC7}.Debug|Any CPU.Build.0 = Debug|Any CPU
		{205FABF3-5FCE-4844-8036-3294CE979FC7}.Debug|x64.ActiveCfg = Debug|Any CPU
		{205FABF3-5FCE-4844-8036-3294CE979FC7}.Debug|x64.Build.0 = Debug|Any CPU
		{205FABF3-5FCE-4844-8036-3294CE979FC7}.Debug|x86.ActiveCfg = Debug|Any CPU
		{205FABF3-5FCE-4844-8036-3294CE979FC7}.Debug|x86.Build.0 = Debug|Any CPU
		{205FABF3-5FCE-4844-8036-3294CE979FC7}.Release|Any CPU.ActiveCfg = Release|Any CPU
		{205FABF3-5FCE-4844-8036-3294CE979FC7}.Release|Any CPU.Build.0 = Release|Any CPU
		{205FABF3-5FCE-4844-8036-3294CE979FC7}.Release|x64.ActiveCfg = Release|Any CPU
		{205FABF3-5FCE-4844-8036-3294CE979FC7}.Release|x64.Build.0 = Release|Any CPU
		{205FABF3-5FCE-4844-8036-3294CE979FC7}.Release|x86.ActiveCfg = Release|Any CPU
		{205FABF3-5FCE-4844-8036-3294CE979FC7}.Release|x86.Build.0 = Release|Any CPU
		{40B1297D-9C4C-4B0F-8D33-8CD4B2E81822}.Debug|Any CPU.ActiveCfg = Debug|Any CPU
		{40B1297D-9C4C-4B0F-8D33-8CD4B2E81822}.Debug|Any CPU.Build.0 = Debug|Any CPU
		{40B1297D-9C4C-4B0F-8D33-8CD4B2E81822}.Debug|x64.ActiveCfg = Debug|Any CPU
		{40B1297D-9C4C-4B0F-8D33-8CD4B2E81822}.Debug|x64.Build.0 = Debug|Any CPU
		{40B1297D-9C4C-4B0F-8D33-8CD4B2E81822}.Debug|x86.ActiveCfg = Debug|Any CPU
		{40B1297D-9C4C-4B0F-8D33-8CD4B2E81822}.Debug|x86.Build.0 = Debug|Any CPU
		{40B1297D-9C4C-4B0F-8D33-8CD4B2E81822}.Release|Any CPU.ActiveCfg = Release|Any CPU
		{40B1297D-9C4C-4B0F-8D33-8CD4B2E81822}.Release|Any CPU.Build.0 = Release|Any CPU
		{40B1297D-9C4C-4B0F-8D33-8CD4B2E81822}.Release|x64.ActiveCfg = Release|Any CPU
		{40B1297D-9C4C-4B0F-8D33-8CD4B2E81822}.Release|x64.Build.0 = Release|Any CPU
		{40B1297D-9C4C-4B0F-8D33-8CD4B2E81822}.Release|x86.ActiveCfg = Release|Any CPU
		{40B1297D-9C4C-4B0F-8D33-8CD4B2E81822}.Release|x86.Build.0 = Release|Any CPU
		{2768FE04-E676-476F-AB82-D4B1B84ACCF8}.Debug|Any CPU.ActiveCfg = Debug|Any CPU
		{2768FE04-E676-476F-AB82-D4B1B84ACCF8}.Debug|Any CPU.Build.0 = Debug|Any CPU
		{2768FE04-E676-476F-AB82-D4B1B84ACCF8}.Debug|x64.ActiveCfg = Debug|Any CPU
		{2768FE04-E676-476F-AB82-D4B1B84ACCF8}.Debug|x64.Build.0 = Debug|Any CPU
		{2768FE04-E676-476F-AB82-D4B1B84ACCF8}.Debug|x86.ActiveCfg = Debug|Any CPU
		{2768FE04-E676-476F-AB82-D4B1B84ACCF8}.Debug|x86.Build.0 = Debug|Any CPU
		{2768FE04-E676-476F-AB82-D4B1B84ACCF8}.Release|Any CPU.ActiveCfg = Release|Any CPU
		{2768FE04-E676-476F-AB82-D4B1B84ACCF8}.Release|Any CPU.Build.0 = Release|Any CPU
		{2768FE04-E676-476F-AB82-D4B1B84ACCF8}.Release|x64.ActiveCfg = Release|Any CPU
		{2768FE04-E676-476F-AB82-D4B1B84ACCF8}.Release|x64.Build.0 = Release|Any CPU
		{2768FE04-E676-476F-AB82-D4B1B84ACCF8}.Release|x86.ActiveCfg = Release|Any CPU
		{2768FE04-E676-476F-AB82-D4B1B84ACCF8}.Release|x86.Build.0 = Release|Any CPU
		{94600DEE-9C5E-4705-971A-391EBFD5D9E2}.Debug|Any CPU.ActiveCfg = Debug|Any CPU
		{94600DEE-9C5E-4705-971A-391EBFD5D9E2}.Debug|Any CPU.Build.0 = Debug|Any CPU
		{94600DEE-9C5E-4705-971A-391EBFD5D9E2}.Debug|x64.ActiveCfg = Debug|Any CPU
		{94600DEE-9C5E-4705-971A-391EBFD5D9E2}.Debug|x64.Build.0 = Debug|Any CPU
		{94600DEE-9C5E-4705-971A-391EBFD5D9E2}.Debug|x86.ActiveCfg = Debug|Any CPU
		{94600DEE-9C5E-4705-971A-391EBFD5D9E2}.Debug|x86.Build.0 = Debug|Any CPU
		{94600DEE-9C5E-4705-971A-391EBFD5D9E2}.Release|Any CPU.ActiveCfg = Release|Any CPU
		{94600DEE-9C5E-4705-971A-391EBFD5D9E2}.Release|Any CPU.Build.0 = Release|Any CPU
		{94600DEE-9C5E-4705-971A-391EBFD5D9E2}.Release|x64.ActiveCfg = Release|Any CPU
		{94600DEE-9C5E-4705-971A-391EBFD5D9E2}.Release|x64.Build.0 = Release|Any CPU
		{94600DEE-9C5E-4705-971A-391EBFD5D9E2}.Release|x86.ActiveCfg = Release|Any CPU
		{94600DEE-9C5E-4705-971A-391EBFD5D9E2}.Release|x86.Build.0 = Release|Any CPU
		{6AADE944-6891-4360-B7BF-80BD7AE28385}.Debug|Any CPU.ActiveCfg = Debug|Any CPU
		{6AADE944-6891-4360-B7BF-80BD7AE28385}.Debug|Any CPU.Build.0 = Debug|Any CPU
		{6AADE944-6891-4360-B7BF-80BD7AE28385}.Debug|x64.ActiveCfg = Debug|Any CPU
		{6AADE944-6891-4360-B7BF-80BD7AE28385}.Debug|x64.Build.0 = Debug|Any CPU
		{6AADE944-6891-4360-B7BF-80BD7AE28385}.Debug|x86.ActiveCfg = Debug|Any CPU
		{6AADE944-6891-4360-B7BF-80BD7AE28385}.Debug|x86.Build.0 = Debug|Any CPU
		{6AADE944-6891-4360-B7BF-80BD7AE28385}.Release|Any CPU.ActiveCfg = Release|Any CPU
		{6AADE944-6891-4360-B7BF-80BD7AE28385}.Release|Any CPU.Build.0 = Release|Any CPU
		{6AADE944-6891-4360-B7BF-80BD7AE28385}.Release|x64.ActiveCfg = Release|Any CPU
		{6AADE944-6891-4360-B7BF-80BD7AE28385}.Release|x64.Build.0 = Release|Any CPU
		{6AADE944-6891-4360-B7BF-80BD7AE28385}.Release|x86.ActiveCfg = Release|Any CPU
		{6AADE944-6891-4360-B7BF-80BD7AE28385}.Release|x86.Build.0 = Release|Any CPU
		{EFBC62C9-7C87-4625-981A-2CB7923DE852}.Debug|Any CPU.ActiveCfg = Debug|Any CPU
		{EFBC62C9-7C87-4625-981A-2CB7923DE852}.Debug|Any CPU.Build.0 = Debug|Any CPU
		{EFBC62C9-7C87-4625-981A-2CB7923DE852}.Debug|x64.ActiveCfg = Debug|Any CPU
		{EFBC62C9-7C87-4625-981A-2CB7923DE852}.Debug|x64.Build.0 = Debug|Any CPU
		{EFBC62C9-7C87-4625-981A-2CB7923DE852}.Debug|x86.ActiveCfg = Debug|Any CPU
		{EFBC62C9-7C87-4625-981A-2CB7923DE852}.Debug|x86.Build.0 = Debug|Any CPU
		{EFBC62C9-7C87-4625-981A-2CB7923DE852}.Release|Any CPU.ActiveCfg = Release|Any CPU
		{EFBC62C9-7C87-4625-981A-2CB7923DE852}.Release|Any CPU.Build.0 = Release|Any CPU
		{EFBC62C9-7C87-4625-981A-2CB7923DE852}.Release|x64.ActiveCfg = Release|Any CPU
		{EFBC62C9-7C87-4625-981A-2CB7923DE852}.Release|x64.Build.0 = Release|Any CPU
		{EFBC62C9-7C87-4625-981A-2CB7923DE852}.Release|x86.ActiveCfg = Release|Any CPU
		{EFBC62C9-7C87-4625-981A-2CB7923DE852}.Release|x86.Build.0 = Release|Any CPU
		{5D0E1A95-2CB0-4897-9CC7-9480DC03D4CD}.Debug|Any CPU.ActiveCfg = Debug|Any CPU
		{5D0E1A95-2CB0-4897-9CC7-9480DC03D4CD}.Debug|Any CPU.Build.0 = Debug|Any CPU
		{5D0E1A95-2CB0-4897-9CC7-9480DC03D4CD}.Debug|x64.ActiveCfg = Debug|Any CPU
		{5D0E1A95-2CB0-4897-9CC7-9480DC03D4CD}.Debug|x64.Build.0 = Debug|Any CPU
		{5D0E1A95-2CB0-4897-9CC7-9480DC03D4CD}.Debug|x86.ActiveCfg = Debug|Any CPU
		{5D0E1A95-2CB0-4897-9CC7-9480DC03D4CD}.Debug|x86.Build.0 = Debug|Any CPU
		{5D0E1A95-2CB0-4897-9CC7-9480DC03D4CD}.Release|Any CPU.ActiveCfg = Release|Any CPU
		{5D0E1A95-2CB0-4897-9CC7-9480DC03D4CD}.Release|Any CPU.Build.0 = Release|Any CPU
		{5D0E1A95-2CB0-4897-9CC7-9480DC03D4CD}.Release|x64.ActiveCfg = Release|Any CPU
		{5D0E1A95-2CB0-4897-9CC7-9480DC03D4CD}.Release|x64.Build.0 = Release|Any CPU
		{5D0E1A95-2CB0-4897-9CC7-9480DC03D4CD}.Release|x86.ActiveCfg = Release|Any CPU
		{5D0E1A95-2CB0-4897-9CC7-9480DC03D4CD}.Release|x86.Build.0 = Release|Any CPU
	EndGlobalSection
	GlobalSection(SolutionProperties) = preSolution
		HideSolutionNode = FALSE
	EndGlobalSection
	GlobalSection(NestedProjects) = preSolution
		{EF2CE7F7-9580-4573-BD2D-88CF065DBCDC} = {16BF9E5E-FB67-40F9-8257-0E1669206C6C}
		{BF601E76-9BB5-48EA-B6F2-F35B949C3126} = {575F3A91-5925-4D49-8734-6D3CF2632100}
		{DE3D41C9-272D-4525-AE03-889B172AA109} = {16BF9E5E-FB67-40F9-8257-0E1669206C6C}
		{8A3E0848-F2DD-4E2C-A622-FEFF341B10CF} = {08D70DF9-D323-4A61-BE62-67D9BBD83958}
		{205FABF3-5FCE-4844-8036-3294CE979FC7} = {9AA6413D-1510-427A-A3E7-D6100D97F065}
		{40B1297D-9C4C-4B0F-8D33-8CD4B2E81822} = {9AA6413D-1510-427A-A3E7-D6100D97F065}
		{2768FE04-E676-476F-AB82-D4B1B84ACCF8} = {9AA6413D-1510-427A-A3E7-D6100D97F065}
		{94600DEE-9C5E-4705-971A-391EBFD5D9E2} = {9AA6413D-1510-427A-A3E7-D6100D97F065}
		{6AADE944-6891-4360-B7BF-80BD7AE28385} = {08D70DF9-D323-4A61-BE62-67D9BBD83958}
		{EFBC62C9-7C87-4625-981A-2CB7923DE852} = {16BF9E5E-FB67-40F9-8257-0E1669206C6C}
		{5D0E1A95-2CB0-4897-9CC7-9480DC03D4CD} = {575F3A91-5925-4D49-8734-6D3CF2632100}
	EndGlobalSection
EndGlobal
